// !$*UTF8*$!
{
	archiveVersion = 1;
	classes = {
	};
	objectVersion = 46;
	objects = {

/* Begin PBXBuildFile section */
		857E352B1B82E2D600B29733 /* main.m in Sources */ = {isa = PBXBuildFile; fileRef = 857E352A1B82E2D600B29733 /* main.m */; };
		857E352E1B82E2D600B29733 /* AppDelegate.m in Sources */ = {isa = PBXBuildFile; fileRef = 857E352D1B82E2D600B29733 /* AppDelegate.m */; };
		857E35311B82E2D600B29733 /* ViewController.m in Sources */ = {isa = PBXBuildFile; fileRef = 857E35301B82E2D600B29733 /* ViewController.m */; };
		857E35341B82E2D600B29733 /* Main.storyboard in Resources */ = {isa = PBXBuildFile; fileRef = 857E35321B82E2D600B29733 /* Main.storyboard */; };
		857E35361B82E2D600B29733 /* Images.xcassets in Resources */ = {isa = PBXBuildFile; fileRef = 857E35351B82E2D600B29733 /* Images.xcassets */; };
		857E35391B82E2D600B29733 /* LaunchScreen.xib in Resources */ = {isa = PBXBuildFile; fileRef = 857E35371B82E2D600B29733 /* LaunchScreen.xib */; };
		857E35451B82E2D600B29733 /* single_view_application_02Tests.m in Sources */ = {isa = PBXBuildFile; fileRef = 857E35441B82E2D600B29733 /* single_view_application_02Tests.m */; };
/* End PBXBuildFile section */

/* Begin PBXContainerItemProxy section */
		857E353F1B82E2D600B29733 /* PBXContainerItemProxy */ = {
			isa = PBXContainerItemProxy;
			containerPortal = 857E351D1B82E2D600B29733 /* Project object */;
			proxyType = 1;
			remoteGlobalIDString = 857E35241B82E2D600B29733;
			remoteInfo = "single-view-application-02";
		};
/* End PBXContainerItemProxy section */

/* Begin PBXFileReference section */
		857E35251B82E2D600B29733 /* single-view-application-02.app */ = {isa = PBXFileReference; explicitFileType = wrapper.application; includeInIndex = 0; path = "single-view-application-02.app"; sourceTree = BUILT_PRODUCTS_DIR; };
		857E35291B82E2D600B29733 /* Info.plist */ = {isa = PBXFileReference; lastKnownFileType = text.plist.xml; path = Info.plist; sourceTree = "<group>"; };
		857E352A1B82E2D600B29733 /* main.m */ = {isa = PBXFileReference; lastKnownFileType = sourcecode.c.objc; path = main.m; sourceTree = "<group>"; };
		857E352C1B82E2D600B29733 /* AppDelegate.h */ = {isa = PBXFileReference; lastKnownFileType = sourcecode.c.h; path = AppDelegate.h; sourceTree = "<group>"; };
		857E352D1B82E2D600B29733 /* AppDelegate.m */ = {isa = PBXFileReference; lastKnownFileType = sourcecode.c.objc; path = AppDelegate.m; sourceTree = "<group>"; };
		857E352F1B82E2D600B29733 /* ViewController.h */ = {isa = PBXFileReference; lastKnownFileType = sourcecode.c.h; path = ViewController.h; sourceTree = "<group>"; };
		857E35301B82E2D600B29733 /* ViewController.m */ = {isa = PBXFileReference; lastKnownFileType = sourcecode.c.objc; path = ViewController.m; sourceTree = "<group>"; };
		857E35331B82E2D600B29733 /* Base */ = {isa = PBXFileReference; lastKnownFileType = file.storyboard; name = Base; path = Base.lproj/Main.storyboard; sourceTree = "<group>"; };
		857E35351B82E2D600B29733 /* Images.xcassets */ = {isa = PBXFileReference; lastKnownFileType = folder.assetcatalog; path = Images.xcassets; sourceTree = "<group>"; };
		857E35381B82E2D600B29733 /* Base */ = {isa = PBXFileReference; lastKnownFileType = file.xib; name = Base; path = Base.lproj/LaunchScreen.xib; sourceTree = "<group>"; };
		857E353E1B82E2D600B29733 /* single-view-application-02Tests.xctest */ = {isa = PBXFileReference; explicitFileType = wrapper.cfbundle; includeInIndex = 0; path = "single-view-application-02Tests.xctest"; sourceTree = BUILT_PRODUCTS_DIR; };
		857E35431B82E2D600B29733 /* Info.plist */ = {isa = PBXFileReference; lastKnownFileType = text.plist.xml; path = Info.plist; sourceTree = "<group>"; };
		857E35441B82E2D600B29733 /* single_view_application_02Tests.m */ = {isa = PBXFileReference; lastKnownFileType = sourcecode.c.objc; path = single_view_application_02Tests.m; sourceTree = "<group>"; };
/* End PBXFileReference section */

/* Begin PBXFrameworksBuildPhase section */
		857E35221B82E2D600B29733 /* Frameworks */ = {
			isa = PBXFrameworksBuildPhase;
			buildActionMask = 2147483647;
			files = (
			);
			runOnlyForDeploymentPostprocessing = 0;
		};
		857E353B1B82E2D600B29733 /* Frameworks */ = {
			isa = PBXFrameworksBuildPhase;
			buildActionMask = 2147483647;
			files = (
			);
			runOnlyForDeploymentPostprocessing = 0;
		};
/* End PBXFrameworksBuildPhase section */

/* Begin PBXGroup section */
		857E351C1B82E2D600B29733 = {
			isa = PBXGroup;
			children = (
				857E35271B82E2D600B29733 /* single-view-application-02 */,
				857E35411B82E2D600B29733 /* single-view-application-02Tests */,
				857E35261B82E2D600B29733 /* Products */,
			);
			sourceTree = "<group>";
		};
		857E35261B82E2D600B29733 /* Products */ = {
			isa = PBXGroup;
			children = (
				857E35251B82E2D600B29733 /* single-view-application-02.app */,
				857E353E1B82E2D600B29733 /* single-view-application-02Tests.xctest */,
			);
			name = Products;
			sourceTree = "<group>";
		};
		857E35271B82E2D600B29733 /* single-view-application-02 */ = {
			isa = PBXGroup;
			children = (
				857E352C1B82E2D600B29733 /* AppDelegate.h */,
				857E352D1B82E2D600B29733 /* AppDelegate.m */,
				857E352F1B82E2D600B29733 /* ViewController.h */,
				857E35301B82E2D600B29733 /* ViewController.m */,
				857E35321B82E2D600B29733 /* Main.storyboard */,
				857E35351B82E2D600B29733 /* Images.xcassets */,
				857E35371B82E2D600B29733 /* LaunchScreen.xib */,
				857E35281B82E2D600B29733 /* Supporting Files */,
			);
			path = "single-view-application-02";
			sourceTree = "<group>";
		};
		857E35281B82E2D600B29733 /* Supporting Files */ = {
			isa = PBXGroup;
			children = (
				857E35291B82E2D600B29733 /* Info.plist */,
				857E352A1B82E2D600B29733 /* main.m */,
			);
			name = "Supporting Files";
			sourceTree = "<group>";
		};
		857E35411B82E2D600B29733 /* single-view-application-02Tests */ = {
			isa = PBXGroup;
			children = (
				857E35441B82E2D600B29733 /* single_view_application_02Tests.m */,
				857E35421B82E2D600B29733 /* Supporting Files */,
			);
			path = "single-view-application-02Tests";
			sourceTree = "<group>";
		};
		857E35421B82E2D600B29733 /* Supporting Files */ = {
			isa = PBXGroup;
			children = (
				857E35431B82E2D600B29733 /* Info.plist */,
			);
			name = "Supporting Files";
			sourceTree = "<group>";
		};
/* End PBXGroup section */

/* Begin PBXNativeTarget section */
		857E35241B82E2D600B29733 /* single-view-application-02 */ = {
			isa = PBXNativeTarget;
			buildConfigurationList = 857E35481B82E2D600B29733 /* Build configuration list for PBXNativeTarget "single-view-application-02" */;
			buildPhases = (
				857E35211B82E2D600B29733 /* Sources */,
				857E35221B82E2D600B29733 /* Frameworks */,
				857E35231B82E2D600B29733 /* Resources */,
			);
			buildRules = (
			);
			dependencies = (
			);
			name = "single-view-application-02";
			productName = "single-view-application-02";
			productReference = 857E35251B82E2D600B29733 /* single-view-application-02.app */;
			productType = "com.apple.product-type.application";
		};
		857E353D1B82E2D600B29733 /* single-view-application-02Tests */ = {
			isa = PBXNativeTarget;
			buildConfigurationList = 857E354B1B82E2D600B29733 /* Build configuration list for PBXNativeTarget "single-view-application-02Tests" */;
			buildPhases = (
				857E353A1B82E2D600B29733 /* Sources */,
				857E353B1B82E2D600B29733 /* Frameworks */,
				857E353C1B82E2D600B29733 /* Resources */,
			);
			buildRules = (
			);
			dependencies = (
				857E35401B82E2D600B29733 /* PBXTargetDependency */,
			);
			name = "single-view-application-02Tests";
			productName = "single-view-application-02Tests";
			productReference = 857E353E1B82E2D600B29733 /* single-view-application-02Tests.xctest */;
			productType = "com.apple.product-type.bundle.unit-test";
		};
/* End PBXNativeTarget section */

/* Begin PBXProject section */
		857E351D1B82E2D600B29733 /* Project object */ = {
			isa = PBXProject;
			attributes = {
				LastUpgradeCheck = 0640;
				ORGANIZATIONNAME = akata;
				TargetAttributes = {
					857E35241B82E2D600B29733 = {
						CreatedOnToolsVersion = 6.4;
					};
					857E353D1B82E2D600B29733 = {
						CreatedOnToolsVersion = 6.4;
						TestTargetID = 857E35241B82E2D600B29733;
					};
				};
			};
			buildConfigurationList = 857E35201B82E2D600B29733 /* Build configuration list for PBXProject "single-view-application-02" */;
			compatibilityVersion = "Xcode 3.2";
			developmentRegion = English;
			hasScannedForEncodings = 0;
			knownRegions = (
				en,
				Base,
			);
			mainGroup = 857E351C1B82E2D600B29733;
			productRefGroup = 857E35261B82E2D600B29733 /* Products */;
			projectDirPath = "";
			projectRoot = "";
			targets = (
				857E35241B82E2D600B29733 /* single-view-application-02 */,
				857E353D1B82E2D600B29733 /* single-view-application-02Tests */,
			);
		};
/* End PBXProject section */

/* Begin PBXResourcesBuildPhase section */
		857E35231B82E2D600B29733 /* Resources */ = {
			isa = PBXResourcesBuildPhase;
			buildActionMask = 2147483647;
			files = (
				857E35341B82E2D600B29733 /* Main.storyboard in Resources */,
				857E35391B82E2D600B29733 /* LaunchScreen.xib in Resources */,
				857E35361B82E2D600B29733 /* Images.xcassets in Resources */,
			);
			runOnlyForDeploymentPostprocessing = 0;
		};
		857E353C1B82E2D600B29733 /* Resources */ = {
			isa = PBXResourcesBuildPhase;
			buildActionMask = 2147483647;
			files = (
			);
			runOnlyForDeploymentPostprocessing = 0;
		};
/* End PBXResourcesBuildPhase section */

/* Begin PBXSourcesBuildPhase section */
		857E35211B82E2D600B29733 /* Sources */ = {
			isa = PBXSourcesBuildPhase;
			buildActionMask = 2147483647;
			files = (
				857E35311B82E2D600B29733 /* ViewController.m in Sources */,
				857E352E1B82E2D600B29733 /* AppDelegate.m in Sources */,
				857E352B1B82E2D600B29733 /* main.m in Sources */,
			);
			runOnlyForDeploymentPostprocessing = 0;
		};
		857E353A1B82E2D600B29733 /* Sources */ = {
			isa = PBXSourcesBuildPhase;
			buildActionMask = 2147483647;
			files = (
				857E35451B82E2D600B29733 /* single_view_application_02Tests.m in Sources */,
			);
			runOnlyForDeploymentPostprocessing = 0;
		};
/* End PBXSourcesBuildPhase section */

/* Begin PBXTargetDependency section */
		857E35401B82E2D600B29733 /* PBXTargetDependency */ = {
			isa = PBXTargetDependency;
			target = 857E35241B82E2D600B29733 /* single-view-application-02 */;
			targetProxy = 857E353F1B82E2D600B29733 /* PBXContainerItemProxy */;
		};
/* End PBXTargetDependency section */

/* Begin PBXVariantGroup section */
		857E35321B82E2D600B29733 /* Main.storyboard */ = {
			isa = PBXVariantGroup;
			children = (
				857E35331B82E2D600B29733 /* Base */,
			);
			name = Main.storyboard;
			sourceTree = "<group>";
		};
		857E35371B82E2D600B29733 /* LaunchScreen.xib */ = {
			isa = PBXVariantGroup;
			children = (
				857E35381B82E2D600B29733 /* Base */,
			);
			name = LaunchScreen.xib;
			sourceTree = "<group>";
		};
/* End PBXVariantGroup section */

/* Begin XCBuildConfiguration section */
		857E35461B82E2D600B29733 /* Debug */ = {
			isa = XCBuildConfiguration;
			buildSettings = {
				ALWAYS_SEARCH_USER_PATHS = NO;
				CLANG_CXX_LANGUAGE_STANDARD = "gnu++0x";
				CLANG_CXX_LIBRARY = "libc++";
				CLANG_ENABLE_MODULES = YES;
				CLANG_ENABLE_OBJC_ARC = YES;
				CLANG_WARN_BOOL_CONVERSION = YES;
				CLANG_WARN_CONSTANT_CONVERSION = YES;
				CLANG_WARN_DIRECT_OBJC_ISA_USAGE = YES_ERROR;
				CLANG_WARN_EMPTY_BODY = YES;
				CLANG_WARN_ENUM_CONVERSION = YES;
				CLANG_WARN_INT_CONVERSION = YES;
				CLANG_WARN_OBJC_ROOT_CLASS = YES_ERROR;
				CLANG_WARN_UNREACHABLE_CODE = YES;
				CLANG_WARN__DUPLICATE_METHOD_MATCH = YES;
				"CODE_SIGN_IDENTITY[sdk=iphoneos*]" = "iPhone Developer";
				COPY_PHASE_STRIP = NO;
				DEBUG_INFORMATION_FORMAT = "dwarf-with-dsym";
				ENABLE_STRICT_OBJC_MSGSEND = YES;
				GCC_C_LANGUAGE_STANDARD = gnu99;
				GCC_DYNAMIC_NO_PIC = NO;
				GCC_NO_COMMON_BLOCKS = YES;
				GCC_OPTIMIZATION_LEVEL = 0;
				GCC_PREPROCESSOR_DEFINITIONS = (
					"DEBUG=1",
					"$(inherited)",
				);
				GCC_SYMBOLS_PRIVATE_EXTERN = NO;
				GCC_WARN_64_TO_32_BIT_CONVERSION = YES;
				GCC_WARN_ABOUT_RETURN_TYPE = YES_ERROR;
				GCC_WARN_UNDECLARED_SELECTOR = YES;
				GCC_WARN_UNINITIALIZED_AUTOS = YES_AGGRESSIVE;
				GCC_WARN_UNUSED_FUNCTION = YES;
				GCC_WARN_UNUSED_VARIABLE = YES;
				IPHONEOS_DEPLOYMENT_TARGET = 8.4;
				MTL_ENABLE_DEBUG_INFO = YES;
				ONLY_ACTIVE_ARCH = YES;
				SDKROOT = iphoneos;
				TARGETED_DEVICE_FAMILY = "1,2";
			};
			name = Debug;
		};
		857E35471B82E2D600B29733 /* Release */ = {
			isa = XCBuildConfiguration;
			buildSettings = {
				ALWAYS_SEARCH_USER_PATHS = NO;
				CLANG_CXX_LANGUAGE_STANDARD = "gnu++0x";
				CLANG_CXX_LIBRARY = "libc++";
				CLANG_ENABLE_MODULES = YES;
				CLANG_ENABLE_OBJC_ARC = YES;
				CLANG_WARN_BOOL_CONVERSION = YES;
				CLANG_WARN_CONSTANT_CONVERSION = YES;
				CLANG_WARN_DIRECT_OBJC_ISA_USAGE = YES_ERROR;
				CLANG_WARN_EMPTY_BODY = YES;
				CLANG_WARN_ENUM_CONVERSION = YES;
				CLANG_WARN_INT_CONVERSION = YES;
				CLANG_WARN_OBJC_ROOT_CLASS = YES_ERROR;
				CLANG_WARN_UNREACHABLE_CODE = YES;
				CLANG_WARN__DUPLICATE_METHOD_MATCH = YES;
				"CODE_SIGN_IDENTITY[sdk=iphoneos*]" = "iPhone Developer";
				COPY_PHASE_STRIP = NO;
				DEBUG_INFORMATION_FORMAT = "dwarf-with-dsym";
				ENABLE_NS_ASSERTIONS = NO;
				ENABLE_STRICT_OBJC_MSGSEND = YES;
				GCC_C_LANGUAGE_STANDARD = gnu99;
				GCC_NO_COMMON_BLOCKS = YES;
				GCC_WARN_64_TO_32_BIT_CONVERSION = YES;
				GCC_WARN_ABOUT_RETURN_TYPE = YES_ERROR;
				GCC_WARN_UNDECLARED_SELECTOR = YES;
				GCC_WARN_UNINITIALIZED_AUTOS = YES_AGGRESSIVE;
				GCC_WARN_UNUSED_FUNCTION = YES;
				GCC_WARN_UNUSED_VARIABLE = YES;
				IPHONEOS_DEPLOYMENT_TARGET = 8.4;
				MTL_ENABLE_DEBUG_INFO = NO;
				SDKROOT = iphoneos;
				TARGETED_DEVICE_FAMILY = "1,2";
				VALIDATE_PRODUCT = YES;
			};
			name = Release;
		};
		857E35491B82E2D600B29733 /* Debug */ = {
			isa = XCBuildConfiguration;
			buildSettings = {
				ASSETCATALOG_COMPILER_APPICON_NAME = AppIcon;
				INFOPLIST_FILE = "single-view-application-02/Info.plist";
				LD_RUNPATH_SEARCH_PATHS = "$(inherited) @executable_path/Frameworks";
				PRODUCT_NAME = "$(TARGET_NAME)";
			};
			name = Debug;
		};
		857E354A1B82E2D600B29733 /* Release */ = {
			isa = XCBuildConfiguration;
			buildSettings = {
				ASSETCATALOG_COMPILER_APPICON_NAME = AppIcon;
				INFOPLIST_FILE = "single-view-application-02/Info.plist";
				LD_RUNPATH_SEARCH_PATHS = "$(inherited) @executable_path/Frameworks";
				PRODUCT_NAME = "$(TARGET_NAME)";
			};
			name = Release;
		};
		857E354C1B82E2D600B29733 /* Debug */ = {
			isa = XCBuildConfiguration;
			buildSettings = {
				BUNDLE_LOADER = "$(TEST_HOST)";
				FRAMEWORK_SEARCH_PATHS = (
					"$(SDKROOT)/Developer/Library/Frameworks",
					"$(inherited)",
				);
				GCC_PREPROCESSOR_DEFINITIONS = (
					"DEBUG=1",
					"$(inherited)",
				);
				INFOPLIST_FILE = "single-view-application-02Tests/Info.plist";
				LD_RUNPATH_SEARCH_PATHS = "$(inherited) @executable_path/Frameworks @loader_path/Frameworks";
				PRODUCT_NAME = "$(TARGET_NAME)";
				TEST_HOST = "$(BUILT_PRODUCTS_DIR)/single-view-application-02.app/single-view-application-02";
			};
			name = Debug;
		};
		857E354D1B82E2D600B29733 /* Release */ = {
			isa = XCBuildConfiguration;
			buildSettings = {
				BUNDLE_LOADER = "$(TEST_HOST)";
				FRAMEWORK_SEARCH_PATHS = (
					"$(SDKROOT)/Developer/Library/Frameworks",
					"$(inherited)",
				);
				INFOPLIST_FILE = "single-view-application-02Tests/Info.plist";
				LD_RUNPATH_SEARCH_PATHS = "$(inherited) @executable_path/Frameworks @loader_path/Frameworks";
				PRODUCT_NAME = "$(TARGET_NAME)";
				TEST_HOST = "$(BUILT_PRODUCTS_DIR)/single-view-application-02.app/single-view-application-02";
			};
			name = Release;
		};
/* End XCBuildConfiguration section */

/* Begin XCConfigurationList section */
		857E35201B82E2D600B29733 /* Build configuration list for PBXProject "single-view-application-02" */ = {
			isa = XCConfigurationList;
			buildConfigurations = (
				857E35461B82E2D600B29733 /* Debug */,
				857E35471B82E2D600B29733 /* Release */,
			);
			defaultConfigurationIsVisible = 0;
			defaultConfigurationName = Release;
		};
		857E35481B82E2D600B29733 /* Build configuration list for PBXNativeTarget "single-view-application-02" */ = {
			isa = XCConfigurationList;
			buildConfigurations = (
				857E35491B82E2D600B29733 /* Debug */,
				857E354A1B82E2D600B29733 /* Release */,
			);
			defaultConfigurationIsVisible = 0;
		};
		857E354B1B82E2D600B29733 /* Build configuration list for PBXNativeTarget "single-view-application-02Tests" */ = {
			isa = XCConfigurationList;
			buildConfigurations = (
				857E354C1B82E2D600B29733 /* Debug */,
				857E354D1B82E2D600B29733 /* Release */,
			);
			defaultConfigurationIsVisible = 0;
		};
/* End XCConfigurationList section */
	};
	rootObject = 857E351D1B82E2D600B29733 /* Project object */;
}
